
Microsoft Visual Studio Solution File, Format Version 12.00
# Visual Studio Version 17
VisualStudioVersion = 17.9.34723.18
MinimumVisualStudioVersion = 10.0.40219.1
Project("{FAE04EC0-301F-11D3-BF4B-00C04F79EFBC}") = "GestionTurnosApis", "GestionTurnosApis\GestionTurnosApis.csproj", "{5064F913-6F50-43AE-AFBC-C29D2C6774C0}"
EndProject
Global
	GlobalSection(SolutionConfigurationPlatforms) = preSolution
		Debug|Any CPU = Debug|Any CPU
		Release|Any CPU = Release|Any CPU
	EndGlobalSection
	GlobalSection(ProjectConfigurationPlatforms) = postSolution
		{5064F913-6F50-43AE-AFBC-C29D2C6774C0}.Debug|Any CPU.ActiveCfg = Debug|Any CPU
		{5064F913-6F50-43AE-AFBC-C29D2C6774C0}.Debug|Any CPU.Build.0 = Debug|Any CPU
		{5064F913-6F50-43AE-AFBC-C29D2C6774C0}.Release|Any CPU.ActiveCfg = Release|Any CPU
		{5064F913-6F50-43AE-AFBC-C29D2C6774C0}.Release|Any CPU.Build.0 = Release|Any CPU
	EndGlobalSection
	GlobalSection(SolutionProperties) = preSolution
		HideSolutionNode = FALSE
	EndGlobalSection
	GlobalSection(ExtensibilityGlobals) = postSolution
		SolutionGuid = {91A7F8DA-ACA3-4121-9344-408BD8BA62B7}
	EndGlobalSection
EndGlobal
